
Microsoft Visual Studio Solution File, Format Version 12.00
# Visual Studio 15
VisualStudioVersion = 15.0.28010.2026
MinimumVisualStudioVersion = 10.0.40219.1
Project("{9A19103F-16F7-4668-BE54-9A1E7A4F7556}") = "RestConsumerService", "RestConsumerService\RestConsumerService.csproj", "{BCBF83F0-221B-4AA0-9F88-7494A234666E}"
EndProject
Project("{FAE04EC0-301F-11D3-BF4B-00C04F79EFBC}") = "RestCustomerConsumer", "RestCustomerConsumer\RestCustomerConsumer.csproj", "{7D4C868F-9B17-4A69-8280-62B1A6A386BC}"
EndProject
Global
	GlobalSection(SolutionConfigurationPlatforms) = preSolution
		Debug|Any CPU = Debug|Any CPU
		Release|Any CPU = Release|Any CPU
	EndGlobalSection
	GlobalSection(ProjectConfigurationPlatforms) = postSolution
		{BCBF83F0-221B-4AA0-9F88-7494A234666E}.Debug|Any CPU.ActiveCfg = Debug|Any CPU
		{BCBF83F0-221B-4AA0-9F88-7494A234666E}.Debug|Any CPU.Build.0 = Debug|Any CPU
		{BCBF83F0-221B-4AA0-9F88-7494A234666E}.Release|Any CPU.ActiveCfg = Release|Any CPU
		{BCBF83F0-221B-4AA0-9F88-7494A234666E}.Release|Any CPU.Build.0 = Release|Any CPU
		{7D4C868F-9B17-4A69-8280-62B1A6A386BC}.Debug|Any CPU.ActiveCfg = Debug|Any CPU
		{7D4C868F-9B17-4A69-8280-62B1A6A386BC}.Debug|Any CPU.Build.0 = Debug|Any CPU
		{7D4C868F-9B17-4A69-8280-62B1A6A386BC}.Release|Any CPU.ActiveCfg = Release|Any CPU
		{7D4C868F-9B17-4A69-8280-62B1A6A386BC}.Release|Any CPU.Build.0 = Release|Any CPU
	EndGlobalSection
	GlobalSection(SolutionProperties) = preSolution
		HideSolutionNode = FALSE
	EndGlobalSection
	GlobalSection(ExtensibilityGlobals) = postSolution
		SolutionGuid = {D478F3F6-5BC6-4BE8-A0D2-B1C99EE586C9}
	EndGlobalSection
EndGlobal
